Microsoft Visual Studio Solution File, Format Version 11.00
# Visual Studio 2008

Project("{00AEEE68-123E-A121-C2EC-94FB15219565}") = "Polyjam", "Assembly-CSharp.csproj", "{637B00AE-C666-F044-BBAD-91951B0203B4}"
EndProject
Project("{00AEEE68-123E-A121-C2EC-94FB15219565}") = "Polyjam", "Assembly-CSharp-Editor.csproj", "{272BB001-CE40-0971-AFEE-9D88F3C3ACFB}"
EndProject
Global
	GlobalSection(SolutionConfigurationPlatforms) = preSolution
		Debug|Any CPU = Debug|Any CPU
		Release|Any CPU = Release|Any CPU
	EndGlobalSection
	GlobalSection(ProjectConfigurationPlatforms) = postSolution
		{637B00AE-C666-F044-BBAD-91951B0203B4}.Debug|Any CPU.ActiveCfg = Debug|Any CPU
		{637B00AE-C666-F044-BBAD-91951B0203B4}.Debug|Any CPU.Build.0 = Debug|Any CPU
		{637B00AE-C666-F044-BBAD-91951B0203B4}.Release|Any CPU.ActiveCfg = Release|Any CPU
		{637B00AE-C666-F044-BBAD-91951B0203B4}.Release|Any CPU.Build.0 = Release|Any CPU
		{272BB001-CE40-0971-AFEE-9D88F3C3ACFB}.Debug|Any CPU.ActiveCfg = Debug|Any CPU
		{272BB001-CE40-0971-AFEE-9D88F3C3ACFB}.Debug|Any CPU.Build.0 = Debug|Any CPU
		{272BB001-CE40-0971-AFEE-9D88F3C3ACFB}.Release|Any CPU.ActiveCfg = Release|Any CPU
		{272BB001-CE40-0971-AFEE-9D88F3C3ACFB}.Release|Any CPU.Build.0 = Release|Any CPU
	EndGlobalSection
	GlobalSection(SolutionProperties) = preSolution
		HideSolutionNode = FALSE
	EndGlobalSection
								GlobalSection(MonoDevelopProperties) = preSolution
		StartupItem = Assembly-CSharp.csproj
		Policies = $0
		$0.TextStylePolicy = $1
		$1.inheritsSet = null
		$1.scope = text/x-csharp
		$0.CSharpFormattingPolicy = $2
		$2.inheritsSet = Mono
		$2.inheritsScope = text/x-csharp
		$2.scope = text/x-csharp
		$0.TextStylePolicy = $3
		$3.FileWidth = 120
		$3.TabWidth = 4
		$3.EolMarker = Unix
		$3.inheritsSet = Mono
		$3.inheritsScope = text/plain
		$3.scope = text/plain
	EndGlobalSection

EndGlobal
